
Microsoft Visual Studio Solution File, Format Version 12.00
# Visual Studio Version 17
VisualStudioVersion = 17.3.32922.545
MinimumVisualStudioVersion = 10.0.40219.1
Project("{9A19103F-16F7-4668-BE54-9A1E7A4F7556}") = "ProductMicroservice", "ProductMicroservice\ProductMicroservice.csproj", "{907FFC57-568F-4129-A497-00BDCFB08191}"
EndProject
Project("{9A19103F-16F7-4668-BE54-9A1E7A4F7556}") = "Repository", "Repository\Repository.csproj", "{94F3B98A-48A4-466E-9086-D19E58EF1072}"
EndProject
Project("{9A19103F-16F7-4668-BE54-9A1E7A4F7556}") = "Service", "Service\Service.csproj", "{0C643A3B-D3C5-4A9D-878E-C5880B69818B}"
EndProject
Project("{FAE04EC0-301F-11D3-BF4B-00C04F79EFBC}") = "ProductUnitTests", "ProductUnitTests\ProductUnitTests.csproj", "{2D9A79E4-AD5C-4C10-966F-2F0F77DED038}"
EndProject
Global
	GlobalSection(SolutionConfigurationPlatforms) = preSolution
		Debug|Any CPU = Debug|Any CPU
		Release|Any CPU = Release|Any CPU
	EndGlobalSection
	GlobalSection(ProjectConfigurationPlatforms) = postSolution
		{907FFC57-568F-4129-A497-00BDCFB08191}.Debug|Any CPU.ActiveCfg = Debug|Any CPU
		{907FFC57-568F-4129-A497-00BDCFB08191}.Debug|Any CPU.Build.0 = Debug|Any CPU
		{907FFC57-568F-4129-A497-00BDCFB08191}.Release|Any CPU.ActiveCfg = Release|Any CPU
		{907FFC57-568F-4129-A497-00BDCFB08191}.Release|Any CPU.Build.0 = Release|Any CPU
		{94F3B98A-48A4-466E-9086-D19E58EF1072}.Debug|Any CPU.ActiveCfg = Debug|Any CPU
		{94F3B98A-48A4-466E-9086-D19E58EF1072}.Debug|Any CPU.Build.0 = Debug|Any CPU
		{94F3B98A-48A4-466E-9086-D19E58EF1072}.Release|Any CPU.ActiveCfg = Release|Any CPU
		{94F3B98A-48A4-466E-9086-D19E58EF1072}.Release|Any CPU.Build.0 = Release|Any CPU
		{0C643A3B-D3C5-4A9D-878E-C5880B69818B}.Debug|Any CPU.ActiveCfg = Debug|Any CPU
		{0C643A3B-D3C5-4A9D-878E-C5880B69818B}.Debug|Any CPU.Build.0 = Debug|Any CPU
		{0C643A3B-D3C5-4A9D-878E-C5880B69818B}.Release|Any CPU.ActiveCfg = Release|Any CPU
		{0C643A3B-D3C5-4A9D-878E-C5880B69818B}.Release|Any CPU.Build.0 = Release|Any CPU
		{2D9A79E4-AD5C-4C10-966F-2F0F77DED038}.Debug|Any CPU.ActiveCfg = Debug|Any CPU
		{2D9A79E4-AD5C-4C10-966F-2F0F77DED038}.Debug|Any CPU.Build.0 = Debug|Any CPU
		{2D9A79E4-AD5C-4C10-966F-2F0F77DED038}.Release|Any CPU.ActiveCfg = Release|Any CPU
		{2D9A79E4-AD5C-4C10-966F-2F0F77DED038}.Release|Any CPU.Build.0 = Release|Any CPU
	EndGlobalSection
	GlobalSection(SolutionProperties) = preSolution
		HideSolutionNode = FALSE
	EndGlobalSection
	GlobalSection(ExtensibilityGlobals) = postSolution
		SolutionGuid = {CD5D2030-9B04-4488-BA89-64877472C12D}
	EndGlobalSection
EndGlobal
